
Microsoft Visual Studio Solution File, Format Version 12.00
# Visual Studio 15
VisualStudioVersion = 15.0.28307.168
MinimumVisualStudioVersion = 10.0.40219.1
Project("{9A19103F-16F7-4668-BE54-9A1E7A4F7556}") = "LMS", "LMS\LMS.csproj", "{0938F8A8-3504-4270-AD0D-3155FE513CEA}"
EndProject
Project("{FAE04EC0-301F-11D3-BF4B-00C04F79EFBC}") = "ControllerUnitTests", "ControllerUnitTests\ControllerUnitTests.csproj", "{4A133B6A-A271-4232-AFC0-CF0CBF7913FE}"
EndProject
Global
	GlobalSection(SolutionConfigurationPlatforms) = preSolution
		Debug|Any CPU = Debug|Any CPU
		Release|Any CPU = Release|Any CPU
	EndGlobalSection
	GlobalSection(ProjectConfigurationPlatforms) = postSolution
		{0938F8A8-3504-4270-AD0D-3155FE513CEA}.Debug|Any CPU.ActiveCfg = Debug|Any CPU
		{0938F8A8-3504-4270-AD0D-3155FE513CEA}.Debug|Any CPU.Build.0 = Debug|Any CPU
		{0938F8A8-3504-4270-AD0D-3155FE513CEA}.Release|Any CPU.ActiveCfg = Release|Any CPU
		{0938F8A8-3504-4270-AD0D-3155FE513CEA}.Release|Any CPU.Build.0 = Release|Any CPU
		{4A133B6A-A271-4232-AFC0-CF0CBF7913FE}.Debug|Any CPU.ActiveCfg = Debug|Any CPU
		{4A133B6A-A271-4232-AFC0-CF0CBF7913FE}.Debug|Any CPU.Build.0 = Debug|Any CPU
		{4A133B6A-A271-4232-AFC0-CF0CBF7913FE}.Release|Any CPU.ActiveCfg = Release|Any CPU
		{4A133B6A-A271-4232-AFC0-CF0CBF7913FE}.Release|Any CPU.Build.0 = Release|Any CPU
	EndGlobalSection
	GlobalSection(SolutionProperties) = preSolution
		HideSolutionNode = FALSE
	EndGlobalSection
	GlobalSection(ExtensibilityGlobals) = postSolution
		SolutionGuid = {3183C412-F5FF-479B-9310-9EC580D270EA}
	EndGlobalSection
EndGlobal
